
Microsoft Visual Studio Solution File, Format Version 12.00
# Visual Studio Version 17
VisualStudioVersion = 17.7.34018.315
MinimumVisualStudioVersion = 10.0.40219.1
Project("{8BC9CEB8-8B4A-11D0-8D11-00A0C91BC942}") = "2-nd Lab", "2-nd Lab\2-nd Lab.vcxproj", "{D160F27A-8E51-4155-B734-48B1B0AC309D}"
EndProject
Global
	GlobalSection(SolutionConfigurationPlatforms) = preSolution
		Debug|x64 = Debug|x64
		Debug|x86 = Debug|x86
		Release|x64 = Release|x64
		Release|x86 = Release|x86
	EndGlobalSection
	GlobalSection(ProjectConfigurationPlatforms) = postSolution
		{D160F27A-8E51-4155-B734-48B1B0AC309D}.Debug|x64.ActiveCfg = Debug|x64
		{D160F27A-8E51-4155-B734-48B1B0AC309D}.Debug|x64.Build.0 = Debug|x64
		{D160F27A-8E51-4155-B734-48B1B0AC309D}.Debug|x86.ActiveCfg = Debug|Win32
		{D160F27A-8E51-4155-B734-48B1B0AC309D}.Debug|x86.Build.0 = Debug|Win32
		{D160F27A-8E51-4155-B734-48B1B0AC309D}.Release|x64.ActiveCfg = Release|x64
		{D160F27A-8E51-4155-B734-48B1B0AC309D}.Release|x64.Build.0 = Release|x64
		{D160F27A-8E51-4155-B734-48B1B0AC309D}.Release|x86.ActiveCfg = Release|Win32
		{D160F27A-8E51-4155-B734-48B1B0AC309D}.Release|x86.Build.0 = Release|Win32
	EndGlobalSection
	GlobalSection(SolutionProperties) = preSolution
		HideSolutionNode = FALSE
	EndGlobalSection
	GlobalSection(ExtensibilityGlobals) = postSolution
		SolutionGuid = {F3B621F2-9318-45B4-8935-5A90202B2BE9}
	EndGlobalSection
EndGlobal
